
Microsoft Visual Studio Solution File, Format Version 12.00
# Visual Studio 15
VisualStudioVersion = 15.0.27428.2043
MinimumVisualStudioVersion = 10.0.40219.1
Project("{9A19103F-16F7-4668-BE54-9A1E7A4F7556}") = "Sharp.Async", "Sharp.Async\Sharp.Async.csproj", "{AA47048E-E265-4DC3-A86D-E3261FE69C0F}"
EndProject
Project("{2150E333-8FDC-42A3-9474-1A3956D46DE8}") = ".root", ".root", "{B9F9D8A4-C6DA-44F1-ABEE-E3CB3C988DED}"
	ProjectSection(SolutionItems) = preProject
		.gitattributes = .gitattributes
		.gitignore = .gitignore
		CHANGES.md = CHANGES.md
		General.props = General.props
		GlobalAssemblyInfo.cs = GlobalAssemblyInfo.cs
		InheritDoc.targets = InheritDoc.targets
		LICENSE.txt = LICENSE.txt
		Make.ps1 = Make.ps1
		README.md = README.md
		Set-Version.ps1 = Set-Version.ps1
	EndProjectSection
EndProject
Project("{9A19103F-16F7-4668-BE54-9A1E7A4F7556}") = "Sharp.Async.Tests", "Sharp.Async.Tests\Sharp.Async.Tests.csproj", "{ABD9EBD2-F0DE-488A-BC57-89F67C6552D3}"
EndProject
Global
	GlobalSection(SolutionConfigurationPlatforms) = preSolution
		Debug|Any CPU = Debug|Any CPU
		Release|Any CPU = Release|Any CPU
	EndGlobalSection
	GlobalSection(ProjectConfigurationPlatforms) = postSolution
		{AA47048E-E265-4DC3-A86D-E3261FE69C0F}.Debug|Any CPU.ActiveCfg = Debug|Any CPU
		{AA47048E-E265-4DC3-A86D-E3261FE69C0F}.Debug|Any CPU.Build.0 = Debug|Any CPU
		{AA47048E-E265-4DC3-A86D-E3261FE69C0F}.Release|Any CPU.ActiveCfg = Release|Any CPU
		{AA47048E-E265-4DC3-A86D-E3261FE69C0F}.Release|Any CPU.Build.0 = Release|Any CPU
		{ABD9EBD2-F0DE-488A-BC57-89F67C6552D3}.Debug|Any CPU.ActiveCfg = Debug|Any CPU
		{ABD9EBD2-F0DE-488A-BC57-89F67C6552D3}.Debug|Any CPU.Build.0 = Debug|Any CPU
		{ABD9EBD2-F0DE-488A-BC57-89F67C6552D3}.Release|Any CPU.ActiveCfg = Release|Any CPU
		{ABD9EBD2-F0DE-488A-BC57-89F67C6552D3}.Release|Any CPU.Build.0 = Release|Any CPU
	EndGlobalSection
	GlobalSection(SolutionProperties) = preSolution
		HideSolutionNode = FALSE
	EndGlobalSection
	GlobalSection(ExtensibilityGlobals) = postSolution
		SolutionGuid = {E942E22E-A969-4BC5-B292-B617859FDAA6}
	EndGlobalSection
EndGlobal
